// !$*UTF8*$!
{
	archiveVersion = 1;
	classes = {
	};
	objectVersion = 56;
	objects = {

/* Begin PBXBuildFile section */
		7B4C6F182BE0168B004F8EC0 /* ScriptRunner.swift in Sources */ = {isa = PBXBuildFile; fileRef = 7B4C6F172BE0168B004F8EC0 /* ScriptRunner.swift */; };
		7BA520A72BE27431003A3335 /* EditorView.swift in Sources */ = {isa = PBXBuildFile; fileRef = 7BA520A62BE27431003A3335 /* EditorView.swift */; };
		7BA520AA2BE41E25003A3335 /* SwiftIDEUtils in Frameworks */ = {isa = PBXBuildFile; productRef = 7BA520A92BE41E25003A3335 /* SwiftIDEUtils */; };
		7BA520AE2BE4285E003A3335 /* SwiftOperators in Frameworks */ = {isa = PBXBuildFile; productRef = 7BA520AD2BE4285E003A3335 /* SwiftOperators */; };
		7BA520B02BE4285E003A3335 /* SwiftParser in Frameworks */ = {isa = PBXBuildFile; productRef = 7BA520AF2BE4285E003A3335 /* SwiftParser */; };
		7BA520B22BE4285E003A3335 /* SwiftSyntax in Frameworks */ = {isa = PBXBuildFile; productRef = 7BA520B12BE4285E003A3335 /* SwiftSyntax */; };
		7BF37C5C2BD541C700474404 /* ScriptEditorApp.swift in Sources */ = {isa = PBXBuildFile; fileRef = 7BF37C5B2BD541C700474404 /* ScriptEditorApp.swift */; };
		7BF37C5E2BD541C700474404 /* ContentView.swift in Sources */ = {isa = PBXBuildFile; fileRef = 7BF37C5D2BD541C700474404 /* ContentView.swift */; };
		7BF37C622BD541C800474404 /* Assets.xcassets in Resources */ = {isa = PBXBuildFile; fileRef = 7BF37C612BD541C800474404 /* Assets.xcassets */; };
		7BF37C652BD541C800474404 /* Preview Assets.xcassets in Resources */ = {isa = PBXBuildFile; fileRef = 7BF37C642BD541C800474404 /* Preview Assets.xcassets */; };
/* End PBXBuildFile section */

/* Begin PBXFileReference section */
		7B4C6F172BE0168B004F8EC0 /* ScriptRunner.swift */ = {isa = PBXFileReference; lastKnownFileType = sourcecode.swift; path = ScriptRunner.swift; sourceTree = "<group>"; };
		7BA520A62BE27431003A3335 /* EditorView.swift */ = {isa = PBXFileReference; lastKnownFileType = sourcecode.swift; path = EditorView.swift; sourceTree = "<group>"; };
		7BF37C582BD541C700474404 /* ScriptEditor.app */ = {isa = PBXFileReference; explicitFileType = wrapper.application; includeInIndex = 0; path = ScriptEditor.app; sourceTree = BUILT_PRODUCTS_DIR; };
		7BF37C5B2BD541C700474404 /* ScriptEditorApp.swift */ = {isa = PBXFileReference; lastKnownFileType = sourcecode.swift; path = ScriptEditorApp.swift; sourceTree = "<group>"; };
		7BF37C5D2BD541C700474404 /* ContentView.swift */ = {isa = PBXFileReference; lastKnownFileType = sourcecode.swift; path = ContentView.swift; sourceTree = "<group>"; };
		7BF37C612BD541C800474404 /* Assets.xcassets */ = {isa = PBXFileReference; lastKnownFileType = folder.assetcatalog; path = Assets.xcassets; sourceTree = "<group>"; };
		7BF37C642BD541C800474404 /* Preview Assets.xcassets */ = {isa = PBXFileReference; lastKnownFileType = folder.assetcatalog; path = "Preview Assets.xcassets"; sourceTree = "<group>"; };
		7BF37C662BD541C800474404 /* Info.plist */ = {isa = PBXFileReference; lastKnownFileType = text.plist.xml; path = Info.plist; sourceTree = "<group>"; };
		7BF37C672BD541C800474404 /* ScriptEditor.entitlements */ = {isa = PBXFileReference; lastKnownFileType = text.plist.entitlements; path = ScriptEditor.entitlements; sourceTree = "<group>"; };
/* End PBXFileReference section */

/* Begin PBXFrameworksBuildPhase section */
		7BF37C552BD541C700474404 /* Frameworks */ = {
			isa = PBXFrameworksBuildPhase;
			buildActionMask = 2147483647;
			files = (
				7BA520AE2BE4285E003A3335 /* SwiftOperators in Frameworks */,
				7BA520B02BE4285E003A3335 /* SwiftParser in Frameworks */,
				7BA520AA2BE41E25003A3335 /* SwiftIDEUtils in Frameworks */,
				7BA520B22BE4285E003A3335 /* SwiftSyntax in Frameworks */,
			);
			runOnlyForDeploymentPostprocessing = 0;
		};
/* End PBXFrameworksBuildPhase section */

/* Begin PBXGroup section */
		7BF37C4F2BD541C700474404 = {
			isa = PBXGroup;
			children = (
				7BF37C5A2BD541C700474404 /* ScriptEditor */,
				7BF37C592BD541C700474404 /* Products */,
			);
			sourceTree = "<group>";
		};
		7BF37C592BD541C700474404 /* Products */ = {
			isa = PBXGroup;
			children = (
				7BF37C582BD541C700474404 /* ScriptEditor.app */,
			);
			name = Products;
			sourceTree = "<group>";
		};
		7BF37C5A2BD541C700474404 /* ScriptEditor */ = {
			isa = PBXGroup;
			children = (
				7BF37C5B2BD541C700474404 /* ScriptEditorApp.swift */,
				7BF37C5D2BD541C700474404 /* ContentView.swift */,
				7BF37C612BD541C800474404 /* Assets.xcassets */,
				7BF37C662BD541C800474404 /* Info.plist */,
				7BF37C672BD541C800474404 /* ScriptEditor.entitlements */,
				7BF37C632BD541C800474404 /* Preview Content */,
				7B4C6F172BE0168B004F8EC0 /* ScriptRunner.swift */,
				7BA520A62BE27431003A3335 /* EditorView.swift */,
			);
			path = ScriptEditor;
			sourceTree = "<group>";
		};
		7BF37C632BD541C800474404 /* Preview Content */ = {
			isa = PBXGroup;
			children = (
				7BF37C642BD541C800474404 /* Preview Assets.xcassets */,
			);
			path = "Preview Content";
			sourceTree = "<group>";
		};
/* End PBXGroup section */

/* Begin PBXNativeTarget section */
		7BF37C572BD541C700474404 /* ScriptEditor */ = {
			isa = PBXNativeTarget;
			buildConfigurationList = 7BF37C6A2BD541C800474404 /* Build configuration list for PBXNativeTarget "ScriptEditor" */;
			buildPhases = (
				7BF37C542BD541C700474404 /* Sources */,
				7BF37C552BD541C700474404 /* Frameworks */,
				7BF37C562BD541C700474404 /* Resources */,
			);
			buildRules = (
			);
			dependencies = (
			);
			name = ScriptEditor;
			packageProductDependencies = (
				7BA520A92BE41E25003A3335 /* SwiftIDEUtils */,
				7BA520AD2BE4285E003A3335 /* SwiftOperators */,
				7BA520AF2BE4285E003A3335 /* SwiftParser */,
				7BA520B12BE4285E003A3335 /* SwiftSyntax */,
			);
			productName = ScriptEditor;
			productReference = 7BF37C582BD541C700474404 /* ScriptEditor.app */;
			productType = "com.apple.product-type.application";
		};
/* End PBXNativeTarget section */

/* Begin PBXProject section */
		7BF37C502BD541C700474404 /* Project object */ = {
			isa = PBXProject;
			attributes = {
				BuildIndependentTargetsInParallel = 1;
				LastSwiftUpdateCheck = 1530;
				LastUpgradeCheck = 1530;
				TargetAttributes = {
					7BF37C572BD541C700474404 = {
						CreatedOnToolsVersion = 15.3;
					};
				};
			};
			buildConfigurationList = 7BF37C532BD541C700474404 /* Build configuration list for PBXProject "ScriptEditor" */;
			compatibilityVersion = "Xcode 14.0";
			developmentRegion = en;
			hasScannedForEncodings = 0;
			knownRegions = (
				en,
				Base,
			);
			mainGroup = 7BF37C4F2BD541C700474404;
			packageReferences = (
				7BA520A82BE41816003A3335 /* XCRemoteSwiftPackageReference "swift-syntax" */,
			);
			productRefGroup = 7BF37C592BD541C700474404 /* Products */;
			projectDirPath = "";
			projectRoot = "";
			targets = (
				7BF37C572BD541C700474404 /* ScriptEditor */,
			);
		};
/* End PBXProject section */

/* Begin PBXResourcesBuildPhase section */
		7BF37C562BD541C700474404 /* Resources */ = {
			isa = PBXResourcesBuildPhase;
			buildActionMask = 2147483647;
			files = (
				7BF37C652BD541C800474404 /* Preview Assets.xcassets in Resources */,
				7BF37C622BD541C800474404 /* Assets.xcassets in Resources */,
			);
			runOnlyForDeploymentPostprocessing = 0;
		};
/* End PBXResourcesBuildPhase section */

/* Begin PBXSourcesBuildPhase section */
		7BF37C542BD541C700474404 /* Sources */ = {
			isa = PBXSourcesBuildPhase;
			buildActionMask = 2147483647;
			files = (
				7BF37C5E2BD541C700474404 /* ContentView.swift in Sources */,
				7BF37C5C2BD541C700474404 /* ScriptEditorApp.swift in Sources */,
				7B4C6F182BE0168B004F8EC0 /* ScriptRunner.swift in Sources */,
				7BA520A72BE27431003A3335 /* EditorView.swift in Sources */,
			);
			runOnlyForDeploymentPostprocessing = 0;
		};
/* End PBXSourcesBuildPhase section */

/* Begin XCBuildConfiguration section */
		7BF37C682BD541C800474404 /* Debug */ = {
			isa = XCBuildConfiguration;
			buildSettings = {
				ALWAYS_SEARCH_USER_PATHS = NO;
				ASSETCATALOG_COMPILER_GENERATE_SWIFT_ASSET_SYMBOL_EXTENSIONS = YES;
				CLANG_ANALYZER_NONNULL = YES;
				CLANG_ANALYZER_NUMBER_OBJECT_CONVERSION = YES_AGGRESSIVE;
				CLANG_CXX_LANGUAGE_STANDARD = "gnu++20";
				CLANG_ENABLE_MODULES = YES;
				CLANG_ENABLE_OBJC_ARC = YES;
				CLANG_ENABLE_OBJC_WEAK = YES;
				CLANG_WARN_BLOCK_CAPTURE_AUTORELEASING = YES;
				CLANG_WARN_BOOL_CONVERSION = YES;
				CLANG_WARN_COMMA = YES;
				CLANG_WARN_CONSTANT_CONVERSION = YES;
				CLANG_WARN_DEPRECATED_OBJC_IMPLEMENTATIONS = YES;
				CLANG_WARN_DIRECT_OBJC_ISA_USAGE = YES_ERROR;
				CLANG_WARN_DOCUMENTATION_COMMENTS = YES;
				CLANG_WARN_EMPTY_BODY = YES;
				CLANG_WARN_ENUM_CONVERSION = YES;
				CLANG_WARN_INFINITE_RECURSION = YES;
				CLANG_WARN_INT_CONVERSION = YES;
				CLANG_WARN_NON_LITERAL_NULL_CONVERSION = YES;
				CLANG_WARN_OBJC_IMPLICIT_RETAIN_SELF = YES;
				CLANG_WARN_OBJC_LITERAL_CONVERSION = YES;
				CLANG_WARN_OBJC_ROOT_CLASS = YES_ERROR;
				CLANG_WARN_QUOTED_INCLUDE_IN_FRAMEWORK_HEADER = YES;
				CLANG_WARN_RANGE_LOOP_ANALYSIS = YES;
				CLANG_WARN_STRICT_PROTOTYPES = YES;
				CLANG_WARN_SUSPICIOUS_MOVE = YES;
				CLANG_WARN_UNGUARDED_AVAILABILITY = YES_AGGRESSIVE;
				CLANG_WARN_UNREACHABLE_CODE = YES;
				CLANG_WARN__DUPLICATE_METHOD_MATCH = YES;
				COPY_PHASE_STRIP = NO;
				DEBUG_INFORMATION_FORMAT = dwarf;
				ENABLE_STRICT_OBJC_MSGSEND = YES;
				ENABLE_TESTABILITY = YES;
				ENABLE_USER_SCRIPT_SANDBOXING = NO;
				GCC_C_LANGUAGE_STANDARD = gnu17;
				GCC_DYNAMIC_NO_PIC = NO;
				GCC_NO_COMMON_BLOCKS = YES;
				GCC_OPTIMIZATION_LEVEL = 0;
				GCC_PREPROCESSOR_DEFINITIONS = (
					"DEBUG=1",
					"$(inherited)",
				);
				GCC_WARN_64_TO_32_BIT_CONVERSION = YES;
				GCC_WARN_ABOUT_RETURN_TYPE = YES_ERROR;
				GCC_WARN_UNDECLARED_SELECTOR = YES;
				GCC_WARN_UNINITIALIZED_AUTOS = YES_AGGRESSIVE;
				GCC_WARN_UNUSED_FUNCTION = YES;
				GCC_WARN_UNUSED_VARIABLE = YES;
				LOCALIZATION_PREFERS_STRING_CATALOGS = YES;
				MACOSX_DEPLOYMENT_TARGET = 14.4;
				MTL_ENABLE_DEBUG_INFO = INCLUDE_SOURCE;
				MTL_FAST_MATH = YES;
				ONLY_ACTIVE_ARCH = YES;
				SDKROOT = macosx;
				SWIFT_ACTIVE_COMPILATION_CONDITIONS = "DEBUG $(inherited)";
				SWIFT_OPTIMIZATION_LEVEL = "-Onone";
			};
			name = Debug;
		};
		7BF37C692BD541C800474404 /* Release */ = {
			isa = XCBuildConfiguration;
			buildSettings = {
				ALWAYS_SEARCH_USER_PATHS = NO;
				ASSETCATALOG_COMPILER_GENERATE_SWIFT_ASSET_SYMBOL_EXTENSIONS = YES;
				CLANG_ANALYZER_NONNULL = YES;
				CLANG_ANALYZER_NUMBER_OBJECT_CONVERSION = YES_AGGRESSIVE;
				CLANG_CXX_LANGUAGE_STANDARD = "gnu++20";
				CLANG_ENABLE_MODULES = YES;
				CLANG_ENABLE_OBJC_ARC = YES;
				CLANG_ENABLE_OBJC_WEAK = YES;
				CLANG_WARN_BLOCK_CAPTURE_AUTORELEASING = YES;
				CLANG_WARN_BOOL_CONVERSION = YES;
				CLANG_WARN_COMMA = YES;
				CLANG_WARN_CONSTANT_CONVERSION = YES;
				CLANG_WARN_DEPRECATED_OBJC_IMPLEMENTATIONS = YES;
				CLANG_WARN_DIRECT_OBJC_ISA_USAGE = YES_ERROR;
				CLANG_WARN_DOCUMENTATION_COMMENTS = YES;
				CLANG_WARN_EMPTY_BODY = YES;
				CLANG_WARN_ENUM_CONVERSION = YES;
				CLANG_WARN_INFINITE_RECURSION = YES;
				CLANG_WARN_INT_CONVERSION = YES;
				CLANG_WARN_NON_LITERAL_NULL_CONVERSION = YES;
				CLANG_WARN_OBJC_IMPLICIT_RETAIN_SELF = YES;
				CLANG_WARN_OBJC_LITERAL_CONVERSION = YES;
				CLANG_WARN_OBJC_ROOT_CLASS = YES_ERROR;
				CLANG_WARN_QUOTED_INCLUDE_IN_FRAMEWORK_HEADER = YES;
				CLANG_WARN_RANGE_LOOP_ANALYSIS = YES;
				CLANG_WARN_STRICT_PROTOTYPES = YES;
				CLANG_WARN_SUSPICIOUS_MOVE = YES;
				CLANG_WARN_UNGUARDED_AVAILABILITY = YES_AGGRESSIVE;
				CLANG_WARN_UNREACHABLE_CODE = YES;
				CLANG_WARN__DUPLICATE_METHOD_MATCH = YES;
				COPY_PHASE_STRIP = NO;
				DEBUG_INFORMATION_FORMAT = "dwarf-with-dsym";
				ENABLE_NS_ASSERTIONS = NO;
				ENABLE_STRICT_OBJC_MSGSEND = YES;
				ENABLE_USER_SCRIPT_SANDBOXING = NO;
				GCC_C_LANGUAGE_STANDARD = gnu17;
				GCC_NO_COMMON_BLOCKS = YES;
				GCC_WARN_64_TO_32_BIT_CONVERSION = YES;
				GCC_WARN_ABOUT_RETURN_TYPE = YES_ERROR;
				GCC_WARN_UNDECLARED_SELECTOR = YES;
				GCC_WARN_UNINITIALIZED_AUTOS = YES_AGGRESSIVE;
				GCC_WARN_UNUSED_FUNCTION = YES;
				GCC_WARN_UNUSED_VARIABLE = YES;
				LOCALIZATION_PREFERS_STRING_CATALOGS = YES;
				MACOSX_DEPLOYMENT_TARGET = 14.4;
				MTL_ENABLE_DEBUG_INFO = NO;
				MTL_FAST_MATH = YES;
				SDKROOT = macosx;
				SWIFT_COMPILATION_MODE = wholemodule;
			};
			name = Release;
		};
		7BF37C6B2BD541C800474404 /* Debug */ = {
			isa = XCBuildConfiguration;
			buildSettings = {
				ASSETCATALOG_COMPILER_APPICON_NAME = AppIcon;
				ASSETCATALOG_COMPILER_GLOBAL_ACCENT_COLOR_NAME = AccentColor;
				CODE_SIGN_ENTITLEMENTS = ScriptEditor/ScriptEditor.entitlements;
				"CODE_SIGN_IDENTITY[sdk=macosx*]" = "Apple Development";
				CODE_SIGN_STYLE = Automatic;
				COMBINE_HIDPI_IMAGES = YES;
				CURRENT_PROJECT_VERSION = 1;
				DEVELOPMENT_ASSET_PATHS = "\"ScriptEditor/Preview Content\"";
				DEVELOPMENT_TEAM = NMDSW6KGG7;
				ENABLE_HARDENED_RUNTIME = YES;
				ENABLE_PREVIEWS = YES;
				GENERATE_INFOPLIST_FILE = YES;
				INFOPLIST_FILE = ScriptEditor/Info.plist;
				INFOPLIST_KEY_NSHumanReadableCopyright = "";
				LD_RUNPATH_SEARCH_PATHS = (
					"$(inherited)",
					"@executable_path/../Frameworks",
				);
				MACOSX_DEPLOYMENT_TARGET = 14.0;
				MARKETING_VERSION = 1.0;
				PRODUCT_BUNDLE_IDENTIFIER = com.krawieck.ScriptEditor;
				PRODUCT_NAME = "$(TARGET_NAME)";
				SWIFT_EMIT_LOC_STRINGS = YES;
				SWIFT_VERSION = 5.0;
			};
			name = Debug;
		};
		7BF37C6C2BD541C800474404 /* Release */ = {
			isa = XCBuildConfiguration;
			buildSettings = {
				ASSETCATALOG_COMPILER_APPICON_NAME = AppIcon;
				ASSETCATALOG_COMPILER_GLOBAL_ACCENT_COLOR_NAME = AccentColor;
				CODE_SIGN_ENTITLEMENTS = ScriptEditor/ScriptEditor.entitlements;
				"CODE_SIGN_IDENTITY[sdk=macosx*]" = "Apple Development";
				CODE_SIGN_STYLE = Automatic;
				COMBINE_HIDPI_IMAGES = YES;
				CURRENT_PROJECT_VERSION = 1;
				DEVELOPMENT_ASSET_PATHS = "\"ScriptEditor/Preview Content\"";
				DEVELOPMENT_TEAM = NMDSW6KGG7;
				ENABLE_HARDENED_RUNTIME = YES;
				ENABLE_PREVIEWS = YES;
				GENERATE_INFOPLIST_FILE = YES;
				INFOPLIST_FILE = ScriptEditor/Info.plist;
				INFOPLIST_KEY_NSHumanReadableCopyright = "";
				LD_RUNPATH_SEARCH_PATHS = (
					"$(inherited)",
					"@executable_path/../Frameworks",
				);
				MACOSX_DEPLOYMENT_TARGET = 14.0;
				MARKETING_VERSION = 1.0;
				PRODUCT_BUNDLE_IDENTIFIER = com.krawieck.ScriptEditor;
				PRODUCT_NAME = "$(TARGET_NAME)";
				SWIFT_EMIT_LOC_STRINGS = YES;
				SWIFT_VERSION = 5.0;
			};
			name = Release;
		};
/* End XCBuildConfiguration section */

/* Begin XCConfigurationList section */
		7BF37C532BD541C700474404 /* Build configuration list for PBXProject "ScriptEditor" */ = {
			isa = XCConfigurationList;
			buildConfigurations = (
				7BF37C682BD541C800474404 /* Debug */,
				7BF37C692BD541C800474404 /* Release */,
			);
			defaultConfigurationIsVisible = 0;
			defaultConfigurationName = Release;
		};
		7BF37C6A2BD541C800474404 /* Build configuration list for PBXNativeTarget "ScriptEditor" */ = {
			isa = XCConfigurationList;
			buildConfigurations = (
				7BF37C6B2BD541C800474404 /* Debug */,
				7BF37C6C2BD541C800474404 /* Release */,
			);
			defaultConfigurationIsVisible = 0;
			defaultConfigurationName = Release;
		};
/* End XCConfigurationList section */

/* Begin XCRemoteSwiftPackageReference section */
		7BA520A82BE41816003A3335 /* XCRemoteSwiftPackageReference "swift-syntax" */ = {
			isa = XCRemoteSwiftPackageReference;
			repositoryURL = "https://github.com/apple/swift-syntax.git";
			requirement = {
				kind = upToNextMajorVersion;
				minimumVersion = 510.0.1;
			};
		};
/* End XCRemoteSwiftPackageReference section */

/* Begin XCSwiftPackageProductDependency section */
		7BA520A92BE41E25003A3335 /* SwiftIDEUtils */ = {
			isa = XCSwiftPackageProductDependency;
			package = 7BA520A82BE41816003A3335 /* XCRemoteSwiftPackageReference "swift-syntax" */;
			productName = SwiftIDEUtils;
		};
		7BA520AD2BE4285E003A3335 /* SwiftOperators */ = {
			isa = XCSwiftPackageProductDependency;
			package = 7BA520A82BE41816003A3335 /* XCRemoteSwiftPackageReference "swift-syntax" */;
			productName = SwiftOperators;
		};
		7BA520AF2BE4285E003A3335 /* SwiftParser */ = {
			isa = XCSwiftPackageProductDependency;
			package = 7BA520A82BE41816003A3335 /* XCRemoteSwiftPackageReference "swift-syntax" */;
			productName = SwiftParser;
		};
		7BA520B12BE4285E003A3335 /* SwiftSyntax */ = {
			isa = XCSwiftPackageProductDependency;
			package = 7BA520A82BE41816003A3335 /* XCRemoteSwiftPackageReference "swift-syntax" */;
			productName = SwiftSyntax;
		};
/* End XCSwiftPackageProductDependency section */
	};
	rootObject = 7BF37C502BD541C700474404 /* Project object */;
}
